
Microsoft Visual Studio Solution File, Format Version 12.00
# Visual Studio Version 17
VisualStudioVersion = 17.8.34330.188
MinimumVisualStudioVersion = 10.0.40219.1
Project("{FAE04EC0-301F-11D3-BF4B-00C04F79EFBC}") = "Day17", "Day17\Day17.csproj", "{6EA00DED-C67F-4CFB-8E33-843B987612EF}"
EndProject
Global
	GlobalSection(SolutionConfigurationPlatforms) = preSolution
		Debug|Any CPU = Debug|Any CPU
		Release|Any CPU = Release|Any CPU
	EndGlobalSection
	GlobalSection(ProjectConfigurationPlatforms) = postSolution
		{6EA00DED-C67F-4CFB-8E33-843B987612EF}.Debug|Any CPU.ActiveCfg = Debug|Any CPU
		{6EA00DED-C67F-4CFB-8E33-843B987612EF}.Debug|Any CPU.Build.0 = Debug|Any CPU
		{6EA00DED-C67F-4CFB-8E33-843B987612EF}.Release|Any CPU.ActiveCfg = Release|Any CPU
		{6EA00DED-C67F-4CFB-8E33-843B987612EF}.Release|Any CPU.Build.0 = Release|Any CPU
	EndGlobalSection
	GlobalSection(SolutionProperties) = preSolution
		HideSolutionNode = FALSE
	EndGlobalSection
	GlobalSection(ExtensibilityGlobals) = postSolution
		SolutionGuid = {16157333-CC8A-4AC1-A006-C7149D0F4FF5}
	EndGlobalSection
EndGlobal
